
Microsoft Visual Studio Solution File, Format Version 12.00
# Visual Studio Version 17
VisualStudioVersion = 17.3.32929.385
MinimumVisualStudioVersion = 10.0.40219.1
Project("{9A19103F-16F7-4668-BE54-9A1E7A4F7556}") = "CRUDAPI", "CRUDAPI.csproj", "{EC5E59AA-0A76-4C67-B7C8-A375D7840D05}"
EndProject
Global
	GlobalSection(SolutionConfigurationPlatforms) = preSolution
		Debug|Any CPU = Debug|Any CPU
		Release|Any CPU = Release|Any CPU
	EndGlobalSection
	GlobalSection(ProjectConfigurationPlatforms) = postSolution
		{EC5E59AA-0A76-4C67-B7C8-A375D7840D05}.Debug|Any CPU.ActiveCfg = Debug|Any CPU
		{EC5E59AA-0A76-4C67-B7C8-A375D7840D05}.Debug|Any CPU.Build.0 = Debug|Any CPU
		{EC5E59AA-0A76-4C67-B7C8-A375D7840D05}.Release|Any CPU.ActiveCfg = Release|Any CPU
		{EC5E59AA-0A76-4C67-B7C8-A375D7840D05}.Release|Any CPU.Build.0 = Release|Any CPU
	EndGlobalSection
	GlobalSection(SolutionProperties) = preSolution
		HideSolutionNode = FALSE
	EndGlobalSection
	GlobalSection(ExtensibilityGlobals) = postSolution
		SolutionGuid = {9966EE63-023B-47CE-9222-D184CC38622B}
	EndGlobalSection
EndGlobal
